
Microsoft Visual Studio Solution File, Format Version 12.00
# Visual Studio Version 16
VisualStudioVersion = 16.0.30204.135
MinimumVisualStudioVersion = 10.0.40219.1
Project("{FAE04EC0-301F-11D3-BF4B-00C04F79EFBC}") = "WebAPIMVCJWT", "WebAPIMVCJWT\WebAPIMVCJWT.csproj", "{87D74EC2-BAF4-43F7-B877-8D98D75B6EE7}"
EndProject
Project("{FAE04EC0-301F-11D3-BF4B-00C04F79EFBC}") = "MVCWebApp", "..\MVCWebApp\MVCWebApp\MVCWebApp.csproj", "{F13C1FDB-8E0E-4EA9-92B8-DB463AA9429D}"
EndProject
Global
	GlobalSection(SolutionConfigurationPlatforms) = preSolution
		Debug|Any CPU = Debug|Any CPU
		Release|Any CPU = Release|Any CPU
	EndGlobalSection
	GlobalSection(ProjectConfigurationPlatforms) = postSolution
		{87D74EC2-BAF4-43F7-B877-8D98D75B6EE7}.Debug|Any CPU.ActiveCfg = Debug|Any CPU
		{87D74EC2-BAF4-43F7-B877-8D98D75B6EE7}.Debug|Any CPU.Build.0 = Debug|Any CPU
		{87D74EC2-BAF4-43F7-B877-8D98D75B6EE7}.Release|Any CPU.ActiveCfg = Release|Any CPU
		{87D74EC2-BAF4-43F7-B877-8D98D75B6EE7}.Release|Any CPU.Build.0 = Release|Any CPU
		{F13C1FDB-8E0E-4EA9-92B8-DB463AA9429D}.Debug|Any CPU.ActiveCfg = Debug|Any CPU
		{F13C1FDB-8E0E-4EA9-92B8-DB463AA9429D}.Debug|Any CPU.Build.0 = Debug|Any CPU
		{F13C1FDB-8E0E-4EA9-92B8-DB463AA9429D}.Release|Any CPU.ActiveCfg = Release|Any CPU
		{F13C1FDB-8E0E-4EA9-92B8-DB463AA9429D}.Release|Any CPU.Build.0 = Release|Any CPU
	EndGlobalSection
	GlobalSection(SolutionProperties) = preSolution
		HideSolutionNode = FALSE
	EndGlobalSection
	GlobalSection(ExtensibilityGlobals) = postSolution
		SolutionGuid = {96B148BD-1964-4163-87E3-D0AA475B2ED2}
	EndGlobalSection
EndGlobal
